# THIS IS AN AUTOGENERATED FILE. DO NOT EDIT THIS FILE DIRECTLY.
# yarn lockfile v1


lodash@^4.17.4:
  version "4.17.4"
  resolved "https://registry.yarnpkg.com/lodash/-/lodash-4.17.4.tgz#78203a4d1c328ae1d86dca6460e369b57f4055ae"

pdf-to-text@^0.0.6:
  version "0.0.6"
  resolved "https://registry.yarnpkg.com/pdf-to-text/-/pdf-to-text-0.0.6.tgz#b5f40dafaa79cad12589d8a4f43ebe435dc69d53"
